<Solution>
  <Project Path="RentNest.API/RentNest.API.csproj" />
  <Project Path="RentNest.Application/RentNest.Application.csproj" />
  <Project Path="RentNest.Domain/RentNest.Domain.csproj" />
  <Project Path="RentNest.Infrastructure/RentNest.Infrastructure.csproj" />
  <Project Path="RentNest.MessagingAPI/RentNest.MessagingAPI.csproj" />
  <Project Path="RentNest.Tests/RentNest.Tests.csproj" Id="7f380a4b-86e7-4a7c-8017-8fdd4505a6b2" />
</Solution>
